{
  "name": "ajs-hw_platforms_new",
  "version": "1.0.0",
  "lockfileVersion": 3,
  "requires": true,
  "packages": {
    "": {
      "name": "ajs-hw_platforms_new",
      "version": "1.0.0",
      "license": "ISC",
      "dependencies": {
        "@shlaginau/ajs-hw_platforms": "^1.0.0"
      }
    },
    "node_modules/@shlaginau/ajs-hw_platforms": {
      "version": "1.0.0",
      "resolved": "https://npm.pkg.github.com/download/@shlaginau/ajs-hw_platforms/1.0.0/a9e12e1555d7ed0c537e30c56f3d09df21e21269",
      "integrity": "sha512-+ZgovIYBGCbhjW4LI835sjKBZmWVew36dbnfsYWxtWniTwqHvbYUeSHOjgOyGry5slW+ru/hW3D0EuiAIGCJaQ==",
      "license": "ISC"
    }
  }
}
